lockfileVersion: '6.0'

settings:
  autoInstallPeers: true
  excludeLinksFromLockfile: false

dependencies:
  dotenv:
    specifier: ^16.3.1
    version: 16.3.1
  mongodb:
    specifier: ^6.2.0
    version: 6.2.0
  next:
    specifier: latest
    version: 13.4.9(react-dom@18.2.0)(react@18.2.0)
  react:
    specifier: 18.2.0
    version: 18.2.0
  react-dom:
    specifier: 18.2.0
    version: 18.2.0(react@18.2.0)
  react-icons:
    specifier: ^4.11.0
    version: 4.11.0(react@18.2.0)

packages:

  /@mongodb-js/saslprep@1.1.1:
    resolution: {integrity: sha512-t7c5K033joZZMspnHg/gWPE4kandgc2OxE74aYOtGKfgB9VPuVJPix0H6fhmm2erj5PBJ21mqcx34lpIGtUCsQ==}
    dependencies:
      sparse-bitfield: 3.0.3
    dev: false

  /@next/env@13.4.9:
    resolution: {integrity: sha512-vuDRK05BOKfmoBYLNi2cujG2jrYbEod/ubSSyqgmEx9n/W3eZaJQdRNhTfumO+qmq/QTzLurW487n/PM/fHOkw==}
    dev: false

  /@next/swc-darwin-arm64@13.4.9:
    resolution: {integrity: sha512-TVzGHpZoVBk3iDsTOQA/R6MGmFp0+17SWXMEWd6zG30AfuELmSSMe2SdPqxwXU0gbpWkJL1KgfLzy5ReN0crqQ==}
    engines: {node: '>= 10'}
    cpu: [arm64]
    os: [darwin]
    requiresBuild: true
    dev: false
    optional: true

  /@next/swc-darwin-x64@13.4.9:
    resolution: {integrity: sha512-aSfF1fhv28N2e7vrDZ6zOQ+IIthocfaxuMWGReB5GDriF0caTqtHttAvzOMgJgXQtQx6XhyaJMozLTSEXeNN+A==}
    engines: {node: '>= 10'}
    cpu: [x64]
    os: [darwin]
    requiresBuild: true
    dev: false
    optional: true

  /@next/swc-linux-arm64-gnu@13.4.9:
    resolution: {integrity: sha512-JhKoX5ECzYoTVyIy/7KykeO4Z2lVKq7HGQqvAH+Ip9UFn1MOJkOnkPRB7v4nmzqAoY+Je05Aj5wNABR1N18DMg==}
    engines: {node: '>= 10'}
    cpu: [arm64]
    os: [linux]
    requiresBuild: true
    dev: false
    optional: true

  /@next/swc-linux-arm64-musl@13.4.9:
    resolution: {integrity: sha512-OOn6zZBIVkm/4j5gkPdGn4yqQt+gmXaLaSjRSO434WplV8vo2YaBNbSHaTM9wJpZTHVDYyjzuIYVEzy9/5RVZw==}
    engines: {node: '>= 10'}
    cpu: [arm64]
    os: [linux]
    requiresBuild: true
    dev: false
    optional: true

  /@next/swc-linux-x64-gnu@13.4.9:
    resolution: {integrity: sha512-iA+fJXFPpW0SwGmx/pivVU+2t4zQHNOOAr5T378PfxPHY6JtjV6/0s1vlAJUdIHeVpX98CLp9k5VuKgxiRHUpg==}
    engines: {node: '>= 10'}
    cpu: [x64]
    os: [linux]
    requiresBuild: true
    dev: false
    optional: true

  /@next/swc-linux-x64-musl@13.4.9:
    resolution: {integrity: sha512-rlNf2WUtMM+GAQrZ9gMNdSapkVi3koSW3a+dmBVp42lfugWVvnyzca/xJlN48/7AGx8qu62WyO0ya1ikgOxh6A==}
    engines: {node: '>= 10'}
    cpu: [x64]
    os: [linux]
    requiresBuild: true
    dev: false
    optional: true

  /@next/swc-win32-arm64-msvc@13.4.9:
    resolution: {integrity: sha512-5T9ybSugXP77nw03vlgKZxD99AFTHaX8eT1ayKYYnGO9nmYhJjRPxcjU5FyYI+TdkQgEpIcH7p/guPLPR0EbKA==}
    engines: {node: '>= 10'}
    cpu: [arm64]
    os: [win32]
    requiresBuild: true
    dev: false
    optional: true

  /@next/swc-win32-ia32-msvc@13.4.9:
    resolution: {integrity: sha512-ojZTCt1lP2ucgpoiFgrFj07uq4CZsq4crVXpLGgQfoFq00jPKRPgesuGPaz8lg1yLfvafkU3Jd1i8snKwYR3LA==}
    engines: {node: '>= 10'}
    cpu: [ia32]
    os: [win32]
    requiresBuild: true
    dev: false
    optional: true

  /@next/swc-win32-x64-msvc@13.4.9:
    resolution: {integrity: sha512-QbT03FXRNdpuL+e9pLnu+XajZdm/TtIXVYY4lA9t+9l0fLZbHXDYEKitAqxrOj37o3Vx5ufxiRAniaIebYDCgw==}
    engines: {node: '>= 10'}
    cpu: [x64]
    os: [win32]
    requiresBuild: true
    dev: false
    optional: true

  /@swc/helpers@0.5.1:
    resolution: {integrity: sha512-sJ902EfIzn1Fa+qYmjdQqh8tPsoxyBz+8yBKC2HKUxyezKJFwPGOn7pv4WY6QuQW//ySQi5lJjA/ZT9sNWWNTg==}
    dependencies:
      tslib: 2.6.2
    dev: false

  /@types/node@20.10.4:
    resolution: {integrity: sha512-D08YG6rr8X90YB56tSIuBaddy/UXAA9RKJoFvrsnogAum/0pmjkgi4+2nx96A330FmioegBWmEYQ+syqCFaveg==}
    dependencies:
      undici-types: 5.26.5
    dev: false

  /@types/webidl-conversions@7.0.3:
    resolution: {integrity: sha512-CiJJvcRtIgzadHCYXw7dqEnMNRjhGZlYK05Mj9OyktqV8uVT8fD2BFOB7S1uwBE3Kj2Z+4UyPmFw/Ixgw/LAlA==}
    dev: false

  /@types/whatwg-url@8.2.2:
    resolution: {integrity: sha512-FtQu10RWgn3D9U4aazdwIE2yzphmTJREDqNdODHrbrZmmMqI0vMheC/6NE/J1Yveaj8H+ela+YwWTjq5PGmuhA==}
    dependencies:
      '@types/node': 20.10.4
      '@types/webidl-conversions': 7.0.3
    dev: false

  /bson@6.2.0:
    resolution: {integrity: sha512-ID1cI+7bazPDyL9wYy9GaQ8gEEohWvcUl/Yf0dIdutJxnmInEEyCsb4awy/OiBfall7zBA179Pahi3vCdFze3Q==}
    engines: {node: '>=16.20.1'}
    dev: false

  /busboy@1.6.0:
    resolution: {integrity: sha512-8SFQbg/0hQ9xy3UNTB0YEnsNBbWfhf7RtnzpL7TkBiTBRfrQ9Fxcnz7VJsleJpyp6rVLvXiuORqjlHi5q+PYuA==}
    engines: {node: '>=10.16.0'}
    dependencies:
      streamsearch: 1.1.0
    dev: false

  /caniuse-lite@1.0.30001568:
    resolution: {integrity: sha512-vSUkH84HontZJ88MiNrOau1EBrCqEQYgkC5gIySiDlpsm8sGVrhU7Kx4V6h0tnqaHzIHZv08HlJIwPbL4XL9+A==}
    dev: false

  /client-only@0.0.1:
    resolution: {integrity: sha512-IV3Ou0jSMzZrd3pZ48nLkT9DA7Ag1pnPzaiQhpW7c3RbcqqzvzzVu+L8gfqMp/8IM2MQtSiqaCxrrcfu8I8rMA==}
    dev: false

  /dotenv@16.3.1:
    resolution: {integrity: sha512-IPzF4w4/Rd94bA9imS68tZBaYyBWSCE47V1RGuMrB94iyTOIEwRmVL2x/4An+6mETpLrKJ5hQkB8W4kFAadeIQ==}
    engines: {node: '>=12'}
    dev: false

  /glob-to-regexp@0.4.1:
    resolution: {integrity: sha512-lkX1HJXwyMcprw/5YUZc2s7DrpAiHB21/V+E1rHUrVNokkvB6bqMzT0VfV6/86ZNabt1k14YOIaT7nDvOX3Iiw==}
    dev: false

  /graceful-fs@4.2.11:
    resolution: {integrity: sha512-RbJ5/jmFcNNCcDV5o9eTnBLJ/HszWV0P73bc+Ff4nS/rJj+YaS6IGyiOL0VoBYX+l1Wrl3k63h/KrH+nhJ0XvQ==}
    dev: false

  /js-tokens@4.0.0:
    resolution: {integrity: sha512-RdJUflcE3cUzKiMqQgsCu06FPu9UdIJO0beYbPhHN4k6apgJtifcoCtT9bcxOpYBtpD2kCM6Sbzg4CausW/PKQ==}
    dev: false

  /loose-envify@1.4.0:
    resolution: {integrity: sha512-lyuxPGr/Wfhrlem2CL/UcnUc1zcqKAImBDzukY7Y5F/yQiNdko6+fRLevlw1HgMySw7f611UIY408EtxRSoK3Q==}
    hasBin: true
    dependencies:
      js-tokens: 4.0.0
    dev: false

  /memory-pager@1.5.0:
    resolution: {integrity: sha512-ZS4Bp4r/Zoeq6+NLJpP+0Zzm0pR8whtGPf1XExKLJBAczGMnSi3It14OiNCStjQjM6NU1okjQGSxgEZN8eBYKg==}
    dev: false

  /mongodb-connection-string-url@2.6.0:
    resolution: {integrity: sha512-WvTZlI9ab0QYtTYnuMLgobULWhokRjtC7db9LtcVfJ+Hsnyr5eo6ZtNAt3Ly24XZScGMelOcGtm7lSn0332tPQ==}
    dependencies:
      '@types/whatwg-url': 8.2.2
      whatwg-url: 11.0.0
    dev: false

  /mongodb@6.2.0:
    resolution: {integrity: sha512-d7OSuGjGWDZ5usZPqfvb36laQ9CPhnWkAGHT61x5P95p/8nMVeH8asloMwW6GcYFeB0Vj4CB/1wOTDG2RA9BFA==}
    engines: {node: '>=16.20.1'}
    peerDependencies:
      '@aws-sdk/credential-providers': ^3.188.0
      '@mongodb-js/zstd': ^1.1.0
      gcp-metadata: ^5.2.0
      kerberos: ^2.0.1
      mongodb-client-encryption: '>=6.0.0 <7'
      snappy: ^7.2.2
      socks: ^2.7.1
    peerDependenciesMeta:
      '@aws-sdk/credential-providers':
        optional: true
      '@mongodb-js/zstd':
        optional: true
      gcp-metadata:
        optional: true
      kerberos:
        optional: true
      mongodb-client-encryption:
        optional: true
      snappy:
        optional: true
      socks:
        optional: true
    dependencies:
      '@mongodb-js/saslprep': 1.1.1
      bson: 6.2.0
      mongodb-connection-string-url: 2.6.0
    dev: false

  /nanoid@3.3.7:
    resolution: {integrity: sha512-eSRppjcPIatRIMC1U6UngP8XFcz8MQWGQdt1MTBQ7NaAmvXDfvNxbvWV3x2y6CdEUciCSsDHDQZbhYaB8QEo2g==}
    engines: {node: ^10 || ^12 || ^13.7 || ^14 || >=15.0.1}
    hasBin: true
    dev: false

  /next@13.4.9(react-dom@18.2.0)(react@18.2.0):
    resolution: {integrity: sha512-vtefFm/BWIi/eWOqf1GsmKG3cjKw1k3LjuefKRcL3iiLl3zWzFdPG3as6xtxrGO6gwTzzaO1ktL4oiHt/uvTjA==}
    engines: {node: '>=16.8.0'}
    hasBin: true
    peerDependencies:
      '@opentelemetry/api': ^1.1.0
      fibers: '>= 3.1.0'
      react: ^18.2.0
      react-dom: ^18.2.0
      sass: ^1.3.0
    peerDependenciesMeta:
      '@opentelemetry/api':
        optional: true
      fibers:
        optional: true
      sass:
        optional: true
    dependencies:
      '@next/env': 13.4.9
      '@swc/helpers': 0.5.1
      busboy: 1.6.0
      caniuse-lite: 1.0.30001568
      postcss: 8.4.14
      react: 18.2.0
      react-dom: 18.2.0(react@18.2.0)
      styled-jsx: 5.1.1(react@18.2.0)
      watchpack: 2.4.0
      zod: 3.21.4
    optionalDependencies:
      '@next/swc-darwin-arm64': 13.4.9
      '@next/swc-darwin-x64': 13.4.9
      '@next/swc-linux-arm64-gnu': 13.4.9
      '@next/swc-linux-arm64-musl': 13.4.9
      '@next/swc-linux-x64-gnu': 13.4.9
      '@next/swc-linux-x64-musl': 13.4.9
      '@next/swc-win32-arm64-msvc': 13.4.9
      '@next/swc-win32-ia32-msvc': 13.4.9
      '@next/swc-win32-x64-msvc': 13.4.9
    transitivePeerDependencies:
      - '@babel/core'
      - babel-plugin-macros
    dev: false

  /picocolors@1.0.0:
    resolution: {integrity: sha512-1fygroTLlHu66zi26VoTDv8yRgm0Fccecssto+MhsZ0D/DGW2sm8E8AjW7NU5VVTRt5GxbeZ5qBuJr+HyLYkjQ==}
    dev: false

  /postcss@8.4.14:
    resolution: {integrity: sha512-E398TUmfAYFPBSdzgeieK2Y1+1cpdxJx8yXbK/m57nRhKSmk1GB2tO4lbLBtlkfPQTDKfe4Xqv1ASWPpayPEig==}
    engines: {node: ^10 || ^12 || >=14}
    dependencies:
      nanoid: 3.3.7
      picocolors: 1.0.0
      source-map-js: 1.0.2
    dev: false

  /punycode@2.3.1:
    resolution: {integrity: sha512-vYt7UD1U9Wg6138shLtLOvdAu+8DsC/ilFtEVHcH+wydcSpNE20AfSOduf6MkRFahL5FY7X1oU7nKVZFtfq8Fg==}
    engines: {node: '>=6'}
    dev: false

  /react-dom@18.2.0(react@18.2.0):
    resolution: {integrity: sha512-6IMTriUmvsjHUjNtEDudZfuDQUoWXVxKHhlEGSk81n4YFS+r/Kl99wXiwlVXtPBtJenozv2P+hxDsw9eA7Xo6g==}
    peerDependencies:
      react: ^18.2.0
    dependencies:
      loose-envify: 1.4.0
      react: 18.2.0
      scheduler: 0.23.0
    dev: false

  /react-icons@4.11.0(react@18.2.0):
    resolution: {integrity: sha512-V+4khzYcE5EBk/BvcuYRq6V/osf11ODUM2J8hg2FDSswRrGvqiYUYPRy4OdrWaQOBj4NcpJfmHZLNaD+VH0TyA==}
    peerDependencies:
      react: '*'
    dependencies:
      react: 18.2.0
    dev: false

  /react@18.2.0:
    resolution: {integrity: sha512-/3IjMdb2L9QbBdWiW5e3P2/npwMBaU9mHCSCUzNln0ZCYbcfTsGbTJrU/kGemdH2IWmB2ioZ+zkxtmq6g09fGQ==}
    engines: {node: '>=0.10.0'}
    dependencies:
      loose-envify: 1.4.0
    dev: false

  /scheduler@0.23.0:
    resolution: {integrity: sha512-CtuThmgHNg7zIZWAXi3AsyIzA3n4xx7aNyjwC2VJldO2LMVDhFK+63xGqq6CsJH4rTAt6/M+N4GhZiDYPx9eUw==}
    dependencies:
      loose-envify: 1.4.0
    dev: false

  /source-map-js@1.0.2:
    resolution: {integrity: sha512-R0XvVJ9WusLiqTCEiGCmICCMplcCkIwwR11mOSD9CR5u+IXYdiseeEuXCVAjS54zqwkLcPNnmU4OeJ6tUrWhDw==}
    engines: {node: '>=0.10.0'}
    dev: false

  /sparse-bitfield@3.0.3:
    resolution: {integrity: sha512-kvzhi7vqKTfkh0PZU+2D2PIllw2ymqJKujUcyPMd9Y75Nv4nPbGJZXNhxsgdQab2BmlDct1YnfQCguEvHr7VsQ==}
    dependencies:
      memory-pager: 1.5.0
    dev: false

  /streamsearch@1.1.0:
    resolution: {integrity: sha512-Mcc5wHehp9aXz1ax6bZUyY5afg9u2rv5cqQI3mRrYkGC8rW2hM02jWuwjtL++LS5qinSyhj2QfLyNsuc+VsExg==}
    engines: {node: '>=10.0.0'}
    dev: false

  /styled-jsx@5.1.1(react@18.2.0):
    resolution: {integrity: sha512-pW7uC1l4mBZ8ugbiZrcIsiIvVx1UmTfw7UkC3Um2tmfUq9Bhk8IiyEIPl6F8agHgjzku6j0xQEZbfA5uSgSaCw==}
    engines: {node: '>= 12.0.0'}
    peerDependencies:
      '@babel/core': '*'
      babel-plugin-macros: '*'
      react: '>= 16.8.0 || 17.x.x || ^18.0.0-0'
    peerDependenciesMeta:
      '@babel/core':
        optional: true
      babel-plugin-macros:
        optional: true
    dependencies:
      client-only: 0.0.1
      react: 18.2.0
    dev: false

  /tr46@3.0.0:
    resolution: {integrity: sha512-l7FvfAHlcmulp8kr+flpQZmVwtu7nfRV7NZujtN0OqES8EL4O4e0qqzL0DC5gAvx/ZC/9lk6rhcUwYvkBnBnYA==}
    engines: {node: '>=12'}
    dependencies:
      punycode: 2.3.1
    dev: false

  /tslib@2.6.2:
    resolution: {integrity: sha512-AEYxH93jGFPn/a2iVAwW87VuUIkR1FVUKB77NwMF7nBTDkDrrT/Hpt/IrCJ0QXhW27jTBDcf5ZY7w6RiqTMw2Q==}
    dev: false

  /undici-types@5.26.5:
    resolution: {integrity: sha512-JlCMO+ehdEIKqlFxk6IfVoAUVmgz7cU7zD/h9XZ0qzeosSHmUJVOzSQvvYSYWXkFXC+IfLKSIffhv0sVZup6pA==}
    dev: false

  /watchpack@2.4.0:
    resolution: {integrity: sha512-Lcvm7MGST/4fup+ifyKi2hjyIAwcdI4HRgtvTpIUxBRhB+RFtUh8XtDOxUfctVCnhVi+QQj49i91OyvzkJl6cg==}
    engines: {node: '>=10.13.0'}
    dependencies:
      glob-to-regexp: 0.4.1
      graceful-fs: 4.2.11
    dev: false

  /webidl-conversions@7.0.0:
    resolution: {integrity: sha512-VwddBukDzu71offAQR975unBIGqfKZpM+8ZX6ySk8nYhVoo5CYaZyzt3YBvYtRtO+aoGlqxPg/B87NGVZ/fu6g==}
    engines: {node: '>=12'}
    dev: false

  /whatwg-url@11.0.0:
    resolution: {integrity: sha512-RKT8HExMpoYx4igMiVMY83lN6UeITKJlBQ+vR/8ZJ8OCdSiN3RwCq+9gH0+Xzj0+5IrM6i4j/6LuvzbZIQgEcQ==}
    engines: {node: '>=12'}
    dependencies:
      tr46: 3.0.0
      webidl-conversions: 7.0.0
    dev: false

  /zod@3.21.4:
    resolution: {integrity: sha512-m46AKbrzKVzOzs/DZgVnG5H55N1sv1M8qZU3A8RIKbs3mrACDNeIOeilDymVb2HdmP8uwshOCF4uJ8uM9rCqJw==}
    dev: false
